{
  "name": "Midyear2023",
  "lockfileVersion": 2,
  "requires": true,
  "packages": {
    "": {
      "dependencies": {
        "chrome-types": "^0.1.162",
        "typescript": "^4.9.4"
      }
    },
    "node_modules/chrome-types": {
      "version": "0.1.162",
      "resolved": "https://registry.npmjs.org/chrome-types/-/chrome-types-0.1.162.tgz",
      "integrity": "sha512-ANup+9CU0V5MITRwz8B0DshRhJfhGs2srGEQFm3lAoJoGi6YL/QDmLzFhrhOU+x55X5s9wZEZzZtgl0/5U9/bA=="
    },
    "node_modules/typescript": {
      "version": "4.9.4",
      "resolved": "https://registry.npmjs.org/typescript/-/typescript-4.9.4.tgz",
      "integrity": "sha512-Uz+dTXYzxXXbsFpM86Wh3dKCxrQqUcVMxwU54orwlJjOpO3ao8L7j5lH+dWfTwgCwIuM9GQ2kvVotzYJMXTBZg==",
      "bin": {
        "tsc": "bin/tsc",
        "tsserver": "bin/tsserver"
      },
      "engines": {
        "node": ">=4.2.0"
      }
    }
  },
  "dependencies": {
    "chrome-types": {
      "version": "0.1.162",
      "resolved": "https://registry.npmjs.org/chrome-types/-/chrome-types-0.1.162.tgz",
      "integrity": "sha512-ANup+9CU0V5MITRwz8B0DshRhJfhGs2srGEQFm3lAoJoGi6YL/QDmLzFhrhOU+x55X5s9wZEZzZtgl0/5U9/bA=="
    },
    "typescript": {
      "version": "4.9.4",
      "resolved": "https://registry.npmjs.org/typescript/-/typescript-4.9.4.tgz",
      "integrity": "sha512-Uz+dTXYzxXXbsFpM86Wh3dKCxrQqUcVMxwU54orwlJjOpO3ao8L7j5lH+dWfTwgCwIuM9GQ2kvVotzYJMXTBZg=="
    }
  }
}
